
Microsoft Visual Studio Solution File, Format Version 12.00
# Visual Studio Version 17
VisualStudioVersion = 17.8.34316.72
MinimumVisualStudioVersion = 10.0.40219.1
Project("{FAE04EC0-301F-11D3-BF4B-00C04F79EFBC}") = "desktop-app", "desktop-app.csproj", "{A7396CDB-EABB-4D71-860D-63E2F9A9FD59}"
EndProject
Global
	GlobalSection(SolutionConfigurationPlatforms) = preSolution
		Debug|Any CPU = Debug|Any CPU
		Release|Any CPU = Release|Any CPU
	EndGlobalSection
	GlobalSection(ProjectConfigurationPlatforms) = postSolution
		{A7396CDB-EABB-4D71-860D-63E2F9A9FD59}.Debug|Any CPU.ActiveCfg = Debug|Any CPU
		{A7396CDB-EABB-4D71-860D-63E2F9A9FD59}.Debug|Any CPU.Build.0 = Debug|Any CPU
		{A7396CDB-EABB-4D71-860D-63E2F9A9FD59}.Release|Any CPU.ActiveCfg = Release|Any CPU
		{A7396CDB-EABB-4D71-860D-63E2F9A9FD59}.Release|Any CPU.Build.0 = Release|Any CPU
	EndGlobalSection
	GlobalSection(SolutionProperties) = preSolution
		HideSolutionNode = FALSE
	EndGlobalSection
	GlobalSection(ExtensibilityGlobals) = postSolution
		SolutionGuid = {091E6B2B-7D1B-4EF9-8A26-A3CDC7E16A99}
	EndGlobalSection
EndGlobal
